
Microsoft Visual Studio Solution File, Format Version 12.00
# Visual Studio Version 17
VisualStudioVersion = 17.1.32407.343
MinimumVisualStudioVersion = 10.0.40219.1
Project("{9A19103F-16F7-4668-BE54-9A1E7A4F7556}") = "BlazorApp1.Server", "Server\BlazorApp1.Server.csproj", "{CF7B9629-124C-4EA3-A631-40A9012DC528}"
EndProject
Project("{9A19103F-16F7-4668-BE54-9A1E7A4F7556}") = "BlazorApp1.Client", "Client\BlazorApp1.Client.csproj", "{5111615F-1CFB-4545-BB49-57211BF33F0B}"
EndProject
Project("{9A19103F-16F7-4668-BE54-9A1E7A4F7556}") = "BlazorApp1.Shared", "Shared\BlazorApp1.Shared.csproj", "{1B84ADFB-8267-4A6F-8BB2-824173F40DC6}"
EndProject
Global
	GlobalSection(SolutionConfigurationPlatforms) = preSolution
		Debug|Any CPU = Debug|Any CPU
		Release|Any CPU = Release|Any CPU
	EndGlobalSection
	GlobalSection(ProjectConfigurationPlatforms) = postSolution
		{CF7B9629-124C-4EA3-A631-40A9012DC528}.Debug|Any CPU.ActiveCfg = Debug|Any CPU
		{CF7B9629-124C-4EA3-A631-40A9012DC528}.Debug|Any CPU.Build.0 = Debug|Any CPU
		{CF7B9629-124C-4EA3-A631-40A9012DC528}.Release|Any CPU.ActiveCfg = Release|Any CPU
		{CF7B9629-124C-4EA3-A631-40A9012DC528}.Release|Any CPU.Build.0 = Release|Any CPU
		{5111615F-1CFB-4545-BB49-57211BF33F0B}.Debug|Any CPU.ActiveCfg = Debug|Any CPU
		{5111615F-1CFB-4545-BB49-57211BF33F0B}.Debug|Any CPU.Build.0 = Debug|Any CPU
		{5111615F-1CFB-4545-BB49-57211BF33F0B}.Release|Any CPU.ActiveCfg = Release|Any CPU
		{5111615F-1CFB-4545-BB49-57211BF33F0B}.Release|Any CPU.Build.0 = Release|Any CPU
		{1B84ADFB-8267-4A6F-8BB2-824173F40DC6}.Debug|Any CPU.ActiveCfg = Debug|Any CPU
		{1B84ADFB-8267-4A6F-8BB2-824173F40DC6}.Debug|Any CPU.Build.0 = Debug|Any CPU
		{1B84ADFB-8267-4A6F-8BB2-824173F40DC6}.Release|Any CPU.ActiveCfg = Release|Any CPU
		{1B84ADFB-8267-4A6F-8BB2-824173F40DC6}.Release|Any CPU.Build.0 = Release|Any CPU
	EndGlobalSection
	GlobalSection(SolutionProperties) = preSolution
		HideSolutionNode = FALSE
	EndGlobalSection
	GlobalSection(ExtensibilityGlobals) = postSolution
		SolutionGuid = {A95D2A9E-B890-474E-B518-47CDFAF7C8BD}
	EndGlobalSection
EndGlobal
